
Microsoft Visual Studio Solution File, Format Version 12.00
# Visual Studio Version 17
VisualStudioVersion = 17.3.32929.385
MinimumVisualStudioVersion = 10.0.40219.1
Project("{FAE04EC0-301F-11D3-BF4B-00C04F79EFBC}") = "NavUdayArchitecture", "NavUdayArchitecture\NavUdayArchitecture.csproj", "{8649BC79-FF56-48BC-B80F-80B46B2C0B85}"
EndProject
Project("{FAE04EC0-301F-11D3-BF4B-00C04F79EFBC}") = "NavUdayArchitecture.Services", "NavUdayArchitecture.Services\NavUdayArchitecture.Services.csproj", "{54EED804-6FA4-4AD9-BCA6-67F596350297}"
EndProject
Project("{FAE04EC0-301F-11D3-BF4B-00C04F79EFBC}") = "NavUdayArchitecture.Database", "NavUdayArchitecture.Database\NavUdayArchitecture.Database.csproj", "{24805D47-F26E-409B-8E24-40E04D4E85DB}"
EndProject
Global
	GlobalSection(SolutionConfigurationPlatforms) = preSolution
		Debug|Any CPU = Debug|Any CPU
		Release|Any CPU = Release|Any CPU
	EndGlobalSection
	GlobalSection(ProjectConfigurationPlatforms) = postSolution
		{8649BC79-FF56-48BC-B80F-80B46B2C0B85}.Debug|Any CPU.ActiveCfg = Debug|Any CPU
		{8649BC79-FF56-48BC-B80F-80B46B2C0B85}.Debug|Any CPU.Build.0 = Debug|Any CPU
		{8649BC79-FF56-48BC-B80F-80B46B2C0B85}.Release|Any CPU.ActiveCfg = Release|Any CPU
		{8649BC79-FF56-48BC-B80F-80B46B2C0B85}.Release|Any CPU.Build.0 = Release|Any CPU
		{54EED804-6FA4-4AD9-BCA6-67F596350297}.Debug|Any CPU.ActiveCfg = Debug|Any CPU
		{54EED804-6FA4-4AD9-BCA6-67F596350297}.Debug|Any CPU.Build.0 = Debug|Any CPU
		{54EED804-6FA4-4AD9-BCA6-67F596350297}.Release|Any CPU.ActiveCfg = Release|Any CPU
		{54EED804-6FA4-4AD9-BCA6-67F596350297}.Release|Any CPU.Build.0 = Release|Any CPU
		{24805D47-F26E-409B-8E24-40E04D4E85DB}.Debug|Any CPU.ActiveCfg = Debug|Any CPU
		{24805D47-F26E-409B-8E24-40E04D4E85DB}.Debug|Any CPU.Build.0 = Debug|Any CPU
		{24805D47-F26E-409B-8E24-40E04D4E85DB}.Release|Any CPU.ActiveCfg = Release|Any CPU
		{24805D47-F26E-409B-8E24-40E04D4E85DB}.Release|Any CPU.Build.0 = Release|Any CPU
	EndGlobalSection
	GlobalSection(SolutionProperties) = preSolution
		HideSolutionNode = FALSE
	EndGlobalSection
	GlobalSection(ExtensibilityGlobals) = postSolution
		SolutionGuid = {D54F0EE6-9695-4462-9D2B-0A4C387FFC05}
	EndGlobalSection
EndGlobal
